
Microsoft Visual Studio Solution File, Format Version 12.00
# Visual Studio Version 17
VisualStudioVersion = 17.0.31912.275
MinimumVisualStudioVersion = 10.0.40219.1
Project("{FAE04EC0-301F-11D3-BF4B-00C04F79EFBC}") = "WarehouseManagmentSystemAPI", "WarehouseManagmentSystemAPI\WarehouseManagmentSystemAPI.csproj", "{913D7E63-1E01-444B-B0D1-94D41A125844}"
EndProject
Project("{FAE04EC0-301F-11D3-BF4B-00C04F79EFBC}") = "WarehouseManagmentSystemAPI.Domain", "WarehouseManagmentSystemAPI.Domain\WarehouseManagmentSystemAPI.Domain.csproj", "{7DFF2AD9-16B7-4916-B156-298D903F9CBA}"
EndProject
Global
	GlobalSection(SolutionConfigurationPlatforms) = preSolution
		Debug|Any CPU = Debug|Any CPU
		Release|Any CPU = Release|Any CPU
	EndGlobalSection
	GlobalSection(ProjectConfigurationPlatforms) = postSolution
		{913D7E63-1E01-444B-B0D1-94D41A125844}.Debug|Any CPU.ActiveCfg = Debug|Any CPU
		{913D7E63-1E01-444B-B0D1-94D41A125844}.Debug|Any CPU.Build.0 = Debug|Any CPU
		{913D7E63-1E01-444B-B0D1-94D41A125844}.Release|Any CPU.ActiveCfg = Release|Any CPU
		{913D7E63-1E01-444B-B0D1-94D41A125844}.Release|Any CPU.Build.0 = Release|Any CPU
		{7DFF2AD9-16B7-4916-B156-298D903F9CBA}.Debug|Any CPU.ActiveCfg = Debug|Any CPU
		{7DFF2AD9-16B7-4916-B156-298D903F9CBA}.Debug|Any CPU.Build.0 = Debug|Any CPU
		{7DFF2AD9-16B7-4916-B156-298D903F9CBA}.Release|Any CPU.ActiveCfg = Release|Any CPU
		{7DFF2AD9-16B7-4916-B156-298D903F9CBA}.Release|Any CPU.Build.0 = Release|Any CPU
	EndGlobalSection
	GlobalSection(SolutionProperties) = preSolution
		HideSolutionNode = FALSE
	EndGlobalSection
	GlobalSection(ExtensibilityGlobals) = postSolution
		SolutionGuid = {FCFC34F6-30F9-46CA-856E-8DE3AC383B91}
	EndGlobalSection
EndGlobal
